{
  "nodes": {
    "decky": {
      "inputs": {
        "flake-utils": "flake-utils",
        "mach-nix": "mach-nix",
        "nixpkgs": "nixpkgs",
        "poetry2nix": "poetry2nix"
      },
      "locked": {
        "lastModified": 1673059346,
        "narHash": "sha256-V1WTE4eFdgl4QswW+/8H05HDIHWmT6W5FTpBDJpxUbA=",
        "owner": "SkyLeite",
        "repo": "decky-nix",
        "rev": "6ba6b73a75f3a091b06113a33bab8f841ecd8520",
        "type": "github"
      },
      "original": {
        "owner": "SkyLeite",
        "ref": "main",
        "repo": "decky-nix",
        "type": "github"
      }
    },
    "flake-utils": {
      "locked": {
        "lastModified": 1667395993,
        "narHash": "sha256-nuEHfE/LcWyuSWnS8t12N1wc105Qtau+/OdUAjtQ0rA=",
        "owner": "numtide",
        "repo": "flake-utils",
        "rev": "5aed5285a952e0b949eb3ba02c12fa4fcfef535f",
        "type": "github"
      },
      "original": {
        "owner": "numtide",
        "repo": "flake-utils",
        "type": "github"
      }
    },
    "flake-utils_2": {
      "locked": {
        "lastModified": 1642700792,
        "narHash": "sha256-XqHrk7hFb+zBvRg6Ghl+AZDq03ov6OshJLiSWOoX5es=",
        "owner": "numtide",
        "repo": "flake-utils",
        "rev": "846b2ae0fc4cc943637d3d1def4454213e203cba",
        "type": "github"
      },
      "original": {
        "owner": "numtide",
        "repo": "flake-utils",
        "type": "github"
      }
    },
    "flake-utils_3": {
      "locked": {
        "lastModified": 1667395993,
        "narHash": "sha256-nuEHfE/LcWyuSWnS8t12N1wc105Qtau+/OdUAjtQ0rA=",
        "owner": "numtide",
        "repo": "flake-utils",
        "rev": "5aed5285a952e0b949eb3ba02c12fa4fcfef535f",
        "type": "github"
      },
      "original": {
        "owner": "numtide",
        "repo": "flake-utils",
        "type": "github"
      }
    },
    "mach-nix": {
      "inputs": {
        "flake-utils": "flake-utils_2",
        "nixpkgs": [
          "decky",
          "nixpkgs"
        ],
        "pypi-deps-db": "pypi-deps-db"
      },
      "locked": {
        "lastModified": 1672487114,
        "narHash": "sha256-YIcQtXNQSofFSRDO8Y/uCtXAMguc8HqpY83TstgkH+k=",
        "owner": "DavHau",
        "repo": "mach-nix",
        "rev": "68a85753555ed67ff53f0d0320e5ac3c725c7400",
        "type": "github"
      },
      "original": {
        "owner": "DavHau",
        "repo": "mach-nix",
        "type": "github"
      }
    },
    "nixpkgs": {
      "locked": {
        "lastModified": 1672890414,
        "narHash": "sha256-u2SPYuotAIEtlTn162wq55pCKUhxmEzdsQ+4KpcdPPc=",
        "owner": "nixos",
        "repo": "nixpkgs",
        "rev": "3339892da9b4bb31adf67459f9a3e6ef4f113d57",
        "type": "github"
      },
      "original": {
        "owner": "nixos",
        "repo": "nixpkgs",
        "type": "github"
      }
    },
    "nixpkgs_2": {
      "locked": {
        "lastModified": 1672997035,
        "narHash": "sha256-DNaNjsGMRYefBTAxFIrVOB2ok477cj1FTpqnu/mKRf4=",
        "owner": "NixOS",
        "repo": "nixpkgs",
        "rev": "f1ffcf798e93b169321106a4aef79526a2b4bd0a",
        "type": "github"
      },
      "original": {
        "id": "nixpkgs",
        "type": "indirect"
      }
    },
    "poetry2nix": {
      "inputs": {
        "flake-utils": "flake-utils_3",
        "nixpkgs": [
          "decky",
          "nixpkgs"
        ]
      },
      "locked": {
        "lastModified": 1671550109,
        "narHash": "sha256-4Iixlro1t75ze8TqXvfz0HTZ9TOBav3vMTuwuYqsxRE=",
        "owner": "nix-community",
        "repo": "poetry2nix",
        "rev": "f18984f99c67654a1f9fbde463c88a319a2c843e",
        "type": "github"
      },
      "original": {
        "owner": "nix-community",
        "repo": "poetry2nix",
        "type": "github"
      }
    },
    "pypi-deps-db": {
      "flake": false,
      "locked": {
        "lastModified": 1661155889,
        "narHash": "sha256-t00mBTZhmZBT4jteO6pJbU0wyRS6/ep4pKmQNeztEms=",
        "owner": "DavHau",
        "repo": "pypi-deps-db",
        "rev": "49c620f3de2b557c9d5c44f58a00fee59f27d1b0",
        "type": "github"
      },
      "original": {
        "owner": "DavHau",
        "repo": "pypi-deps-db",
        "type": "github"
      }
    },
    "root": {
      "inputs": {
        "decky": "decky",
        "nixpkgs": "nixpkgs_2"
      }
    }
  },
  "root": "root",
  "version": 7
}
